lockfileVersion: 5.4

specifiers:
  '@types/ws': ^8.5.4
  lib0: ^0.2.63
  typescript: ^4.9.5
  ws: ^8.12.1
  y-protocols-typescript: github:ObuchiYuki/y-protocols-typescript
  yjs: ^13.5.48

dependencies:
  lib0: 0.2.63
  typescript: 4.9.5
  ws: 8.12.1
  y-protocols-typescript: github.com/ObuchiYuki/y-protocols-typescript/2634c65d16832cea96259b86d4cd30791a6a70b5
  yjs: 13.5.48

devDependencies:
  '@types/ws': 8.5.4

packages:

  /@types/node/18.14.6:
    resolution: {integrity: sha512-93+VvleD3mXwlLI/xASjw0FzKcwzl3OdTCzm1LaRfqgS21gfFtK3zDXM5Op9TeeMsJVOaJ2VRDpT9q4Y3d0AvA==}
    dev: true

  /@types/ws/8.5.4:
    resolution: {integrity: sha512-zdQDHKUgcX/zBc4GrwsE/7dVdAD8JR4EuiAXiiUhhfyIJXXb2+PrGshFyeXWQPMmmZ2XxgaqclgpIC7eTXc1mg==}
    dependencies:
      '@types/node': 18.14.6
    dev: true

  /isomorphic.js/0.2.5:
    resolution: {integrity: sha512-PIeMbHqMt4DnUP3MA/Flc0HElYjMXArsw1qwJZcm9sqR8mq3l8NYizFMty0pWwE/tzIGH3EKK5+jes5mAr85yw==}
    dev: false

  /lib0/0.2.63:
    resolution: {integrity: sha512-JhUd/JXR4rnWsSP1zup904ACbVFcdRieWoIGwGAtHww4zms0gNyi8EM30Rfftnk+6A10qQMSufjLM0/ncq06xw==}
    engines: {node: '>=14'}
    dependencies:
      isomorphic.js: 0.2.5
    dev: false

  /typescript/4.9.5:
    resolution: {integrity: sha512-1FXk9E2Hm+QzZQ7z+McJiHL4NW1F2EzMu9Nq9i3zAaGqibafqYwCVU6WyWAuyQRRzOlxou8xZSyXLEN8oKj24g==}
    engines: {node: '>=4.2.0'}
    hasBin: true
    dev: false

  /ws/8.12.1:
    resolution: {integrity: sha512-1qo+M9Ba+xNhPB+YTWUlK6M17brTut5EXbcBaMRN5pH5dFrXz7lzz1ChFSUq3bOUl8yEvSenhHmYUNJxFzdJew==}
    engines: {node: '>=10.0.0'}
    peerDependencies:
      bufferutil: ^4.0.1
      utf-8-validate: '>=5.0.2'
    peerDependenciesMeta:
      bufferutil:
        optional: true
      utf-8-validate:
        optional: true
    dev: false

  /yjs/13.5.48:
    resolution: {integrity: sha512-RFUqe1UQa1iKfQ9wZkZQP33iEBBSTz6sW3S5CWzHEe0JVksOi8AzspSTvQk5VskoJj4HzMUYgaNcPrE0MqJ8xQ==}
    dependencies:
      lib0: 0.2.63
    dev: false

  github.com/ObuchiYuki/y-protocols-typescript/2634c65d16832cea96259b86d4cd30791a6a70b5:
    resolution: {tarball: https://codeload.github.com/ObuchiYuki/y-protocols-typescript/tar.gz/2634c65d16832cea96259b86d4cd30791a6a70b5}
    name: y-protocols-typescript
    version: 1.0.0
    dependencies:
      lib0: 0.2.63
      typescript: 4.9.5
      yjs: 13.5.48
    dev: false
